
Microsoft Visual Studio Solution File, Format Version 12.00
# Visual Studio Version 17
VisualStudioVersion = 17.13.35913.81 d17.13
MinimumVisualStudioVersion = 10.0.40219.1
Project("{FAE04EC0-301F-11D3-BF4B-00C04F79EFBC}") = "BurgerKiosk", "BurgerKiosk.csproj", "{F64D04D9-A862-4855-B2F0-4E07526C7846}"
EndProject
Global
	GlobalSection(SolutionConfigurationPlatforms) = preSolution
		Debug|Any CPU = Debug|Any CPU
		Release|Any CPU = Release|Any CPU
	EndGlobalSection
	GlobalSection(ProjectConfigurationPlatforms) = postSolution
		{F64D04D9-A862-4855-B2F0-4E07526C7846}.Debug|Any CPU.ActiveCfg = Debug|Any CPU
		{F64D04D9-A862-4855-B2F0-4E07526C7846}.Debug|Any CPU.Build.0 = Debug|Any CPU
		{F64D04D9-A862-4855-B2F0-4E07526C7846}.Release|Any CPU.ActiveCfg = Release|Any CPU
		{F64D04D9-A862-4855-B2F0-4E07526C7846}.Release|Any CPU.Build.0 = Release|Any CPU
	EndGlobalSection
	GlobalSection(SolutionProperties) = preSolution
		HideSolutionNode = FALSE
	EndGlobalSection
	GlobalSection(ExtensibilityGlobals) = postSolution
		SolutionGuid = {EB950777-7B9A-45A3-B288-19F048F48AE6}
	EndGlobalSection
EndGlobal
